// !$*UTF8*$!
{
	archiveVersion = 1;
	classes = {
	};
	objectVersion = 56;
	objects = {

/* Begin PBXBuildFile section */
		350EF5C02BCDC0A60036E1A8 /* HealthPulseApp.swift in Sources */ = {isa = PBXBuildFile; fileRef = 350EF5BF2BCDC0A60036E1A8 /* HealthPulseApp.swift */; };
		350EF5C22BCDC0A60036E1A8 /* ContentView.swift in Sources */ = {isa = PBXBuildFile; fileRef = 350EF5C12BCDC0A60036E1A8 /* ContentView.swift */; };
		350EF5C42BCDC0A80036E1A8 /* Assets.xcassets in Resources */ = {isa = PBXBuildFile; fileRef = 350EF5C32BCDC0A80036E1A8 /* Assets.xcassets */; };
		350EF5C82BCDC0A80036E1A8 /* Preview Assets.xcassets in Resources */ = {isa = PBXBuildFile; fileRef = 350EF5C72BCDC0A80036E1A8 /* Preview Assets.xcassets */; };
		350EF5D32BCDC1610036E1A8 /* HealthDataManager.swift in Sources */ = {isa = PBXBuildFile; fileRef = 350EF5D22BCDC1610036E1A8 /* HealthDataManager.swift */; };
		350EF5D52BCDC1830036E1A8 /* FileManager.swift in Sources */ = {isa = PBXBuildFile; fileRef = 350EF5D42BCDC1830036E1A8 /* FileManager.swift */; };
		350EF5DA2BCDC1CE0036E1A8 /* WidgetPreviewView.swift in Sources */ = {isa = PBXBuildFile; fileRef = 350EF5D92BCDC1CE0036E1A8 /* WidgetPreviewView.swift */; };
		350EF5DD2BCDC2430036E1A8 /* GoalDetailViewViewModel.swift in Sources */ = {isa = PBXBuildFile; fileRef = 350EF5DC2BCDC2430036E1A8 /* GoalDetailViewViewModel.swift */; };
		353459452BD9115A00C37C0C /* Double.swift in Sources */ = {isa = PBXBuildFile; fileRef = 353459442BD9115A00C37C0C /* Double.swift */; };
		353A34F42BCFC23B00BE01D4 /* WidgetData.swift in Sources */ = {isa = PBXBuildFile; fileRef = 353A34F32BCFC23B00BE01D4 /* WidgetData.swift */; };
		353A34F82BCFC30F00BE01D4 /* Color.swift in Sources */ = {isa = PBXBuildFile; fileRef = 353A34F72BCFC30F00BE01D4 /* Color.swift */; };
		353A34FB2BCFC7B900BE01D4 /* CircleGraphView.swift in Sources */ = {isa = PBXBuildFile; fileRef = 353A34FA2BCFC7B900BE01D4 /* CircleGraphView.swift */; };
		353A34FD2BCFC85B00BE01D4 /* LineChartGraphView.swift in Sources */ = {isa = PBXBuildFile; fileRef = 353A34FC2BCFC85B00BE01D4 /* LineChartGraphView.swift */; };
		3578E3CB2BD065CB00F3AD2C /* MenuView.swift in Sources */ = {isa = PBXBuildFile; fileRef = 3578E3CA2BD065CB00F3AD2C /* MenuView.swift */; };
		35B60B9F2BD2A3B700B2FE13 /* LegalNoticeView.swift in Sources */ = {isa = PBXBuildFile; fileRef = 35B60B9E2BD2A3B700B2FE13 /* LegalNoticeView.swift */; };
		35C1DD7C2BDBCDCC0053F90F /* UIScreen.swift in Sources */ = {isa = PBXBuildFile; fileRef = 35C1DD7B2BDBCDCC0053F90F /* UIScreen.swift */; };
		35D2EA662BE2C2860012EC06 /* Date.swift in Sources */ = {isa = PBXBuildFile; fileRef = 35E3996D2BE23F3F0013A1BB /* Date.swift */; };
		35DFAF112BDA48C600307152 /* WidgetKit.framework in Frameworks */ = {isa = PBXBuildFile; fileRef = 35DFAF102BDA48C600307152 /* WidgetKit.framework */; };
		35DFAF132BDA48C600307152 /* SwiftUI.framework in Frameworks */ = {isa = PBXBuildFile; fileRef = 35DFAF122BDA48C600307152 /* SwiftUI.framework */; };
		35DFAF162BDA48C600307152 /* HealthGoalWidgetBundle.swift in Sources */ = {isa = PBXBuildFile; fileRef = 35DFAF152BDA48C600307152 /* HealthGoalWidgetBundle.swift */; };
		35DFAF182BDA48C600307152 /* HealthGoalWidget.swift in Sources */ = {isa = PBXBuildFile; fileRef = 35DFAF172BDA48C600307152 /* HealthGoalWidget.swift */; };
		35DFAF1A2BDA48C800307152 /* Assets.xcassets in Resources */ = {isa = PBXBuildFile; fileRef = 35DFAF192BDA48C800307152 /* Assets.xcassets */; };
		35DFAF1E2BDA48C800307152 /* HealthGoalWidgetExtension.appex in Embed Foundation Extensions */ = {isa = PBXBuildFile; fileRef = 35DFAF0E2BDA48C600307152 /* HealthGoalWidgetExtension.appex */; settings = {ATTRIBUTES = (RemoveHeadersOnCopy, ); }; };
		35DFAF272BDA4BBA00307152 /* HealthGoalWidget.swift in Sources */ = {isa = PBXBuildFile; fileRef = 35DFAF172BDA48C600307152 /* HealthGoalWidget.swift */; };
		35DFAF292BDA4DBD00307152 /* HealthGoal.swift in Sources */ = {isa = PBXBuildFile; fileRef = 35DFAF282BDA4DBD00307152 /* HealthGoal.swift */; };
		35DFAF2C2BDA50B200307152 /* HealthGoal.swift in Sources */ = {isa = PBXBuildFile; fileRef = 35DFAF282BDA4DBD00307152 /* HealthGoal.swift */; };
		35DFAF2D2BDA50E100307152 /* WidgetData.swift in Sources */ = {isa = PBXBuildFile; fileRef = 353A34F32BCFC23B00BE01D4 /* WidgetData.swift */; };
		35DFAF2E2BDA510A00307152 /* Color.swift in Sources */ = {isa = PBXBuildFile; fileRef = 353A34F72BCFC30F00BE01D4 /* Color.swift */; };
		35DFAF302BDA520200307152 /* UserDefaults.swift in Sources */ = {isa = PBXBuildFile; fileRef = 35DFAF2F2BDA520200307152 /* UserDefaults.swift */; };
		35DFAF312BDA521200307152 /* UserDefaults.swift in Sources */ = {isa = PBXBuildFile; fileRef = 35DFAF2F2BDA520200307152 /* UserDefaults.swift */; };
		35DFAF322BDA534500307152 /* WidgetPreviewView.swift in Sources */ = {isa = PBXBuildFile; fileRef = 350EF5D92BCDC1CE0036E1A8 /* WidgetPreviewView.swift */; };
		35DFAF332BDA534900307152 /* CircleGraphView.swift in Sources */ = {isa = PBXBuildFile; fileRef = 353A34FA2BCFC7B900BE01D4 /* CircleGraphView.swift */; };
		35DFAF342BDA534C00307152 /* LineChartGraphView.swift in Sources */ = {isa = PBXBuildFile; fileRef = 353A34FC2BCFC85B00BE01D4 /* LineChartGraphView.swift */; };
		35E3996A2BE0EA7E0013A1BB /* GoalSetupView.swift in Sources */ = {isa = PBXBuildFile; fileRef = 35E399692BE0EA7E0013A1BB /* GoalSetupView.swift */; };
		35E3996C2BE0EB080013A1BB /* WidgetSetupView.swift in Sources */ = {isa = PBXBuildFile; fileRef = 35E3996B2BE0EB080013A1BB /* WidgetSetupView.swift */; };
		35E3996E2BE23F3F0013A1BB /* Date.swift in Sources */ = {isa = PBXBuildFile; fileRef = 35E3996D2BE23F3F0013A1BB /* Date.swift */; };
		35E399702BE266B80013A1BB /* LaunchScreen.storyboard in Resources */ = {isa = PBXBuildFile; fileRef = 35E3996F2BE266B80013A1BB /* LaunchScreen.storyboard */; };
/* End PBXBuildFile section */

/* Begin PBXContainerItemProxy section */
		35DFAF1C2BDA48C800307152 /* PBXContainerItemProxy */ = {
			isa = PBXContainerItemProxy;
			containerPortal = 350EF5B42BCDC0A60036E1A8 /* Project object */;
			proxyType = 1;
			remoteGlobalIDString = 35DFAF0D2BDA48C600307152;
			remoteInfo = HealthGoalWidgetExtension;
		};
/* End PBXContainerItemProxy section */

/* Begin PBXCopyFilesBuildPhase section */
		35DFAF1F2BDA48C800307152 /* Embed Foundation Extensions */ = {
			isa = PBXCopyFilesBuildPhase;
			buildActionMask = 2147483647;
			dstPath = "";
			dstSubfolderSpec = 13;
			files = (
				35DFAF1E2BDA48C800307152 /* HealthGoalWidgetExtension.appex in Embed Foundation Extensions */,
			);
			name = "Embed Foundation Extensions";
			runOnlyForDeploymentPostprocessing = 0;
		};
/* End PBXCopyFilesBuildPhase section */

/* Begin PBXFileReference section */
		350EF5BC2BCDC0A60036E1A8 /* HealthPulse.app */ = {isa = PBXFileReference; explicitFileType = wrapper.application; includeInIndex = 0; path = HealthPulse.app; sourceTree = BUILT_PRODUCTS_DIR; };
		350EF5BF2BCDC0A60036E1A8 /* HealthPulseApp.swift */ = {isa = PBXFileReference; lastKnownFileType = sourcecode.swift; path = HealthPulseApp.swift; sourceTree = "<group>"; };
		350EF5C12BCDC0A60036E1A8 /* ContentView.swift */ = {isa = PBXFileReference; lastKnownFileType = sourcecode.swift; path = ContentView.swift; sourceTree = "<group>"; };
		350EF5C32BCDC0A80036E1A8 /* Assets.xcassets */ = {isa = PBXFileReference; lastKnownFileType = folder.assetcatalog; path = Assets.xcassets; sourceTree = "<group>"; };
		350EF5C52BCDC0A80036E1A8 /* HealthPulse.entitlements */ = {isa = PBXFileReference; lastKnownFileType = text.plist.entitlements; path = HealthPulse.entitlements; sourceTree = "<group>"; };
		350EF5C72BCDC0A80036E1A8 /* Preview Assets.xcassets */ = {isa = PBXFileReference; lastKnownFileType = folder.assetcatalog; path = "Preview Assets.xcassets"; sourceTree = "<group>"; };
		350EF5D22BCDC1610036E1A8 /* HealthDataManager.swift */ = {isa = PBXFileReference; lastKnownFileType = sourcecode.swift; path = HealthDataManager.swift; sourceTree = "<group>"; };
		350EF5D42BCDC1830036E1A8 /* FileManager.swift */ = {isa = PBXFileReference; lastKnownFileType = sourcecode.swift; path = FileManager.swift; sourceTree = "<group>"; };
		350EF5D92BCDC1CE0036E1A8 /* WidgetPreviewView.swift */ = {isa = PBXFileReference; lastKnownFileType = sourcecode.swift; path = WidgetPreviewView.swift; sourceTree = "<group>"; };
		350EF5DC2BCDC2430036E1A8 /* GoalDetailViewViewModel.swift */ = {isa = PBXFileReference; lastKnownFileType = sourcecode.swift; path = GoalDetailViewViewModel.swift; sourceTree = "<group>"; };
		353459442BD9115A00C37C0C /* Double.swift */ = {isa = PBXFileReference; lastKnownFileType = sourcecode.swift; path = Double.swift; sourceTree = "<group>"; };
		353A34F32BCFC23B00BE01D4 /* WidgetData.swift */ = {isa = PBXFileReference; lastKnownFileType = sourcecode.swift; path = WidgetData.swift; sourceTree = "<group>"; };
		353A34F72BCFC30F00BE01D4 /* Color.swift */ = {isa = PBXFileReference; lastKnownFileType = sourcecode.swift; path = Color.swift; sourceTree = "<group>"; };
		353A34FA2BCFC7B900BE01D4 /* CircleGraphView.swift */ = {isa = PBXFileReference; lastKnownFileType = sourcecode.swift; path = CircleGraphView.swift; sourceTree = "<group>"; };
		353A34FC2BCFC85B00BE01D4 /* LineChartGraphView.swift */ = {isa = PBXFileReference; lastKnownFileType = sourcecode.swift; path = LineChartGraphView.swift; sourceTree = "<group>"; };
		3578E3CA2BD065CB00F3AD2C /* MenuView.swift */ = {isa = PBXFileReference; lastKnownFileType = sourcecode.swift; path = MenuView.swift; sourceTree = "<group>"; };
		358B9FBE2BCDC78500752687 /* Info.plist */ = {isa = PBXFileReference; lastKnownFileType = text.plist; path = Info.plist; sourceTree = "<group>"; };
		35B60B9E2BD2A3B700B2FE13 /* LegalNoticeView.swift */ = {isa = PBXFileReference; lastKnownFileType = sourcecode.swift; path = LegalNoticeView.swift; sourceTree = "<group>"; };
		35C1DD7B2BDBCDCC0053F90F /* UIScreen.swift */ = {isa = PBXFileReference; lastKnownFileType = sourcecode.swift; path = UIScreen.swift; sourceTree = "<group>"; };
		35DFAF0E2BDA48C600307152 /* HealthGoalWidgetExtension.appex */ = {isa = PBXFileReference; explicitFileType = "wrapper.app-extension"; includeInIndex = 0; path = HealthGoalWidgetExtension.appex; sourceTree = BUILT_PRODUCTS_DIR; };
		35DFAF102BDA48C600307152 /* WidgetKit.framework */ = {isa = PBXFileReference; lastKnownFileType = wrapper.framework; name = WidgetKit.framework; path = System/Library/Frameworks/WidgetKit.framework; sourceTree = SDKROOT; };
		35DFAF122BDA48C600307152 /* SwiftUI.framework */ = {isa = PBXFileReference; lastKnownFileType = wrapper.framework; name = SwiftUI.framework; path = System/Library/Frameworks/SwiftUI.framework; sourceTree = SDKROOT; };
		35DFAF152BDA48C600307152 /* HealthGoalWidgetBundle.swift */ = {isa = PBXFileReference; lastKnownFileType = sourcecode.swift; path = HealthGoalWidgetBundle.swift; sourceTree = "<group>"; };
		35DFAF172BDA48C600307152 /* HealthGoalWidget.swift */ = {isa = PBXFileReference; lastKnownFileType = sourcecode.swift; path = HealthGoalWidget.swift; sourceTree = "<group>"; };
		35DFAF192BDA48C800307152 /* Assets.xcassets */ = {isa = PBXFileReference; lastKnownFileType = folder.assetcatalog; path = Assets.xcassets; sourceTree = "<group>"; };
		35DFAF1B2BDA48C800307152 /* Info.plist */ = {isa = PBXFileReference; lastKnownFileType = text.plist.xml; path = Info.plist; sourceTree = "<group>"; };
		35DFAF282BDA4DBD00307152 /* HealthGoal.swift */ = {isa = PBXFileReference; lastKnownFileType = sourcecode.swift; name = HealthGoal.swift; path = ../../../../Downloads/HealthGoal.swift; sourceTree = "<group>"; };
		35DFAF2A2BDA4EB600307152 /* HealthGoalWidgetExtension.entitlements */ = {isa = PBXFileReference; lastKnownFileType = text.plist.entitlements; path = HealthGoalWidgetExtension.entitlements; sourceTree = "<group>"; };
		35DFAF2F2BDA520200307152 /* UserDefaults.swift */ = {isa = PBXFileReference; lastKnownFileType = sourcecode.swift; path = UserDefaults.swift; sourceTree = "<group>"; };
		35E399692BE0EA7E0013A1BB /* GoalSetupView.swift */ = {isa = PBXFileReference; lastKnownFileType = sourcecode.swift; path = GoalSetupView.swift; sourceTree = "<group>"; };
		35E3996B2BE0EB080013A1BB /* WidgetSetupView.swift */ = {isa = PBXFileReference; lastKnownFileType = sourcecode.swift; path = WidgetSetupView.swift; sourceTree = "<group>"; };
		35E3996D2BE23F3F0013A1BB /* Date.swift */ = {isa = PBXFileReference; lastKnownFileType = sourcecode.swift; path = Date.swift; sourceTree = "<group>"; };
		35E3996F2BE266B80013A1BB /* LaunchScreen.storyboard */ = {isa = PBXFileReference; lastKnownFileType = file.storyboard; path = LaunchScreen.storyboard; sourceTree = "<group>"; };
/* End PBXFileReference section */

/* Begin PBXFrameworksBuildPhase section */
		350EF5B92BCDC0A60036E1A8 /* Frameworks */ = {
			isa = PBXFrameworksBuildPhase;
			buildActionMask = 2147483647;
			files = (
			);
			runOnlyForDeploymentPostprocessing = 0;
		};
		35DFAF0B2BDA48C600307152 /* Frameworks */ = {
			isa = PBXFrameworksBuildPhase;
			buildActionMask = 2147483647;
			files = (
				35DFAF132BDA48C600307152 /* SwiftUI.framework in Frameworks */,
				35DFAF112BDA48C600307152 /* WidgetKit.framework in Frameworks */,
			);
			runOnlyForDeploymentPostprocessing = 0;
		};
/* End PBXFrameworksBuildPhase section */

/* Begin PBXGroup section */
		350EF5B32BCDC0A60036E1A8 = {
			isa = PBXGroup;
			children = (
				35DFAF2A2BDA4EB600307152 /* HealthGoalWidgetExtension.entitlements */,
				350EF5BE2BCDC0A60036E1A8 /* HealthPulse */,
				35DFAF142BDA48C600307152 /* HealthGoalWidget */,
				35DFAF0F2BDA48C600307152 /* Frameworks */,
				350EF5BD2BCDC0A60036E1A8 /* Products */,
			);
			sourceTree = "<group>";
		};
		350EF5BD2BCDC0A60036E1A8 /* Products */ = {
			isa = PBXGroup;
			children = (
				350EF5BC2BCDC0A60036E1A8 /* HealthPulse.app */,
				35DFAF0E2BDA48C600307152 /* HealthGoalWidgetExtension.appex */,
			);
			name = Products;
			sourceTree = "<group>";
		};
		350EF5BE2BCDC0A60036E1A8 /* HealthPulse */ = {
			isa = PBXGroup;
			children = (
				358B9FBE2BCDC78500752687 /* Info.plist */,
				350EF5BF2BCDC0A60036E1A8 /* HealthPulseApp.swift */,
				35E3996F2BE266B80013A1BB /* LaunchScreen.storyboard */,
				350EF5CF2BCDC1250036E1A8 /* Services */,
				350EF5D02BCDC12B0036E1A8 /* Utils */,
				350EF5D12BCDC1310036E1A8 /* Models */,
				350EF5CE2BCDC11B0036E1A8 /* Views */,
				350EF5C32BCDC0A80036E1A8 /* Assets.xcassets */,
				350EF5C52BCDC0A80036E1A8 /* HealthPulse.entitlements */,
				350EF5C62BCDC0A80036E1A8 /* Preview Content */,
			);
			path = HealthPulse;
			sourceTree = "<group>";
		};
		350EF5C62BCDC0A80036E1A8 /* Preview Content */ = {
			isa = PBXGroup;
			children = (
				350EF5C72BCDC0A80036E1A8 /* Preview Assets.xcassets */,
			);
			path = "Preview Content";
			sourceTree = "<group>";
		};
		350EF5CE2BCDC11B0036E1A8 /* Views */ = {
			isa = PBXGroup;
			children = (
				3555D7C92BD0658B005668FE /* SettingsView */,
				350EF5D82BCDC1B60036E1A8 /* WidgetPreviewView */,
				350EF5DB2BCDC2020036E1A8 /* GoalDetailView */,
			);
			path = Views;
			sourceTree = "<group>";
		};
		350EF5CF2BCDC1250036E1A8 /* Services */ = {
			isa = PBXGroup;
			children = (
				350EF5D22BCDC1610036E1A8 /* HealthDataManager.swift */,
			);
			path = Services;
			sourceTree = "<group>";
		};
		350EF5D02BCDC12B0036E1A8 /* Utils */ = {
			isa = PBXGroup;
			children = (
				353A34F62BCFC30000BE01D4 /* Extenions */,
				350EF5D42BCDC1830036E1A8 /* FileManager.swift */,
			);
			path = Utils;
			sourceTree = "<group>";
		};
		350EF5D12BCDC1310036E1A8 /* Models */ = {
			isa = PBXGroup;
			children = (
				35DFAF282BDA4DBD00307152 /* HealthGoal.swift */,
				353A34F32BCFC23B00BE01D4 /* WidgetData.swift */,
			);
			path = Models;
			sourceTree = "<group>";
		};
		350EF5D82BCDC1B60036E1A8 /* WidgetPreviewView */ = {
			isa = PBXGroup;
			children = (
				350EF5D92BCDC1CE0036E1A8 /* WidgetPreviewView.swift */,
				353A34F92BCFC7A200BE01D4 /* Components */,
			);
			path = WidgetPreviewView;
			sourceTree = "<group>";
		};
		350EF5DB2BCDC2020036E1A8 /* GoalDetailView */ = {
			isa = PBXGroup;
			children = (
				350EF5C12BCDC0A60036E1A8 /* ContentView.swift */,
				350EF5DC2BCDC2430036E1A8 /* GoalDetailViewViewModel.swift */,
				35E399682BE0EA0F0013A1BB /* Components */,
			);
			path = GoalDetailView;
			sourceTree = "<group>";
		};
		353A34F62BCFC30000BE01D4 /* Extenions */ = {
			isa = PBXGroup;
			children = (
				353A34F72BCFC30F00BE01D4 /* Color.swift */,
				353459442BD9115A00C37C0C /* Double.swift */,
				35DFAF2F2BDA520200307152 /* UserDefaults.swift */,
				35C1DD7B2BDBCDCC0053F90F /* UIScreen.swift */,
				35E3996D2BE23F3F0013A1BB /* Date.swift */,
			);
			path = Extenions;
			sourceTree = "<group>";
		};
		353A34F92BCFC7A200BE01D4 /* Components */ = {
			isa = PBXGroup;
			children = (
				353A34FA2BCFC7B900BE01D4 /* CircleGraphView.swift */,
				353A34FC2BCFC85B00BE01D4 /* LineChartGraphView.swift */,
			);
			path = Components;
			sourceTree = "<group>";
		};
		3555D7C92BD0658B005668FE /* SettingsView */ = {
			isa = PBXGroup;
			children = (
				3578E3CA2BD065CB00F3AD2C /* MenuView.swift */,
				35B60B9E2BD2A3B700B2FE13 /* LegalNoticeView.swift */,
			);
			path = SettingsView;
			sourceTree = "<group>";
		};
		35DFAF0F2BDA48C600307152 /* Frameworks */ = {
			isa = PBXGroup;
			children = (
				35DFAF102BDA48C600307152 /* WidgetKit.framework */,
				35DFAF122BDA48C600307152 /* SwiftUI.framework */,
			);
			name = Frameworks;
			sourceTree = "<group>";
		};
		35DFAF142BDA48C600307152 /* HealthGoalWidget */ = {
			isa = PBXGroup;
			children = (
				35DFAF152BDA48C600307152 /* HealthGoalWidgetBundle.swift */,
				35DFAF172BDA48C600307152 /* HealthGoalWidget.swift */,
				35DFAF192BDA48C800307152 /* Assets.xcassets */,
				35DFAF1B2BDA48C800307152 /* Info.plist */,
			);
			path = HealthGoalWidget;
			sourceTree = "<group>";
		};
		35E399682BE0EA0F0013A1BB /* Components */ = {
			isa = PBXGroup;
			children = (
				35E399692BE0EA7E0013A1BB /* GoalSetupView.swift */,
				35E3996B2BE0EB080013A1BB /* WidgetSetupView.swift */,
			);
			path = Components;
			sourceTree = "<group>";
		};
/* End PBXGroup section */

/* Begin PBXNativeTarget section */
		350EF5BB2BCDC0A60036E1A8 /* HealthPulse */ = {
			isa = PBXNativeTarget;
			buildConfigurationList = 350EF5CB2BCDC0A80036E1A8 /* Build configuration list for PBXNativeTarget "HealthPulse" */;
			buildPhases = (
				350EF5B82BCDC0A60036E1A8 /* Sources */,
				350EF5B92BCDC0A60036E1A8 /* Frameworks */,
				350EF5BA2BCDC0A60036E1A8 /* Resources */,
				35DFAF1F2BDA48C800307152 /* Embed Foundation Extensions */,
			);
			buildRules = (
			);
			dependencies = (
				35DFAF1D2BDA48C800307152 /* PBXTargetDependency */,
			);
			name = HealthPulse;
			productName = HealthPulse;
			productReference = 350EF5BC2BCDC0A60036E1A8 /* HealthPulse.app */;
			productType = "com.apple.product-type.application";
		};
		35DFAF0D2BDA48C600307152 /* HealthGoalWidgetExtension */ = {
			isa = PBXNativeTarget;
			buildConfigurationList = 35DFAF222BDA48C800307152 /* Build configuration list for PBXNativeTarget "HealthGoalWidgetExtension" */;
			buildPhases = (
				35DFAF0A2BDA48C600307152 /* Sources */,
				35DFAF0B2BDA48C600307152 /* Frameworks */,
				35DFAF0C2BDA48C600307152 /* Resources */,
			);
			buildRules = (
			);
			dependencies = (
			);
			name = HealthGoalWidgetExtension;
			productName = HealthGoalWidgetExtension;
			productReference = 35DFAF0E2BDA48C600307152 /* HealthGoalWidgetExtension.appex */;
			productType = "com.apple.product-type.app-extension";
		};
/* End PBXNativeTarget section */

/* Begin PBXProject section */
		350EF5B42BCDC0A60036E1A8 /* Project object */ = {
			isa = PBXProject;
			attributes = {
				BuildIndependentTargetsInParallel = 1;
				LastSwiftUpdateCheck = 1530;
				LastUpgradeCheck = 1540;
				TargetAttributes = {
					350EF5BB2BCDC0A60036E1A8 = {
						CreatedOnToolsVersion = 15.3;
					};
					35DFAF0D2BDA48C600307152 = {
						CreatedOnToolsVersion = 15.3;
					};
				};
			};
			buildConfigurationList = 350EF5B72BCDC0A60036E1A8 /* Build configuration list for PBXProject "HealthPulse" */;
			compatibilityVersion = "Xcode 14.0";
			developmentRegion = en;
			hasScannedForEncodings = 0;
			knownRegions = (
				en,
				Base,
			);
			mainGroup = 350EF5B32BCDC0A60036E1A8;
			productRefGroup = 350EF5BD2BCDC0A60036E1A8 /* Products */;
			projectDirPath = "";
			projectRoot = "";
			targets = (
				350EF5BB2BCDC0A60036E1A8 /* HealthPulse */,
				35DFAF0D2BDA48C600307152 /* HealthGoalWidgetExtension */,
			);
		};
/* End PBXProject section */

/* Begin PBXResourcesBuildPhase section */
		350EF5BA2BCDC0A60036E1A8 /* Resources */ = {
			isa = PBXResourcesBuildPhase;
			buildActionMask = 2147483647;
			files = (
				35E399702BE266B80013A1BB /* LaunchScreen.storyboard in Resources */,
				350EF5C82BCDC0A80036E1A8 /* Preview Assets.xcassets in Resources */,
				350EF5C42BCDC0A80036E1A8 /* Assets.xcassets in Resources */,
			);
			runOnlyForDeploymentPostprocessing = 0;
		};
		35DFAF0C2BDA48C600307152 /* Resources */ = {
			isa = PBXResourcesBuildPhase;
			buildActionMask = 2147483647;
			files = (
				35DFAF1A2BDA48C800307152 /* Assets.xcassets in Resources */,
			);
			runOnlyForDeploymentPostprocessing = 0;
		};
/* End PBXResourcesBuildPhase section */

/* Begin PBXSourcesBuildPhase section */
		350EF5B82BCDC0A60036E1A8 /* Sources */ = {
			isa = PBXSourcesBuildPhase;
			buildActionMask = 2147483647;
			files = (
				353A34F42BCFC23B00BE01D4 /* WidgetData.swift in Sources */,
				35B60B9F2BD2A3B700B2FE13 /* LegalNoticeView.swift in Sources */,
				350EF5DA2BCDC1CE0036E1A8 /* WidgetPreviewView.swift in Sources */,
				350EF5C22BCDC0A60036E1A8 /* ContentView.swift in Sources */,
				35DFAF302BDA520200307152 /* UserDefaults.swift in Sources */,
				35DFAF292BDA4DBD00307152 /* HealthGoal.swift in Sources */,
				35C1DD7C2BDBCDCC0053F90F /* UIScreen.swift in Sources */,
				350EF5C02BCDC0A60036E1A8 /* HealthPulseApp.swift in Sources */,
				353459452BD9115A00C37C0C /* Double.swift in Sources */,
				350EF5DD2BCDC2430036E1A8 /* GoalDetailViewViewModel.swift in Sources */,
				350EF5D32BCDC1610036E1A8 /* HealthDataManager.swift in Sources */,
				35E3996E2BE23F3F0013A1BB /* Date.swift in Sources */,
				35E3996C2BE0EB080013A1BB /* WidgetSetupView.swift in Sources */,
				353A34F82BCFC30F00BE01D4 /* Color.swift in Sources */,
				350EF5D52BCDC1830036E1A8 /* FileManager.swift in Sources */,
				3578E3CB2BD065CB00F3AD2C /* MenuView.swift in Sources */,
				353A34FB2BCFC7B900BE01D4 /* CircleGraphView.swift in Sources */,
				35E3996A2BE0EA7E0013A1BB /* GoalSetupView.swift in Sources */,
				35DFAF272BDA4BBA00307152 /* HealthGoalWidget.swift in Sources */,
				353A34FD2BCFC85B00BE01D4 /* LineChartGraphView.swift in Sources */,
			);
			runOnlyForDeploymentPostprocessing = 0;
		};
		35DFAF0A2BDA48C600307152 /* Sources */ = {
			isa = PBXSourcesBuildPhase;
			buildActionMask = 2147483647;
			files = (
				35DFAF342BDA534C00307152 /* LineChartGraphView.swift in Sources */,
				35D2EA662BE2C2860012EC06 /* Date.swift in Sources */,
				35DFAF182BDA48C600307152 /* HealthGoalWidget.swift in Sources */,
				35DFAF2D2BDA50E100307152 /* WidgetData.swift in Sources */,
				35DFAF312BDA521200307152 /* UserDefaults.swift in Sources */,
				35DFAF322BDA534500307152 /* WidgetPreviewView.swift in Sources */,
				35DFAF162BDA48C600307152 /* HealthGoalWidgetBundle.swift in Sources */,
				35DFAF2E2BDA510A00307152 /* Color.swift in Sources */,
				35DFAF2C2BDA50B200307152 /* HealthGoal.swift in Sources */,
				35DFAF332BDA534900307152 /* CircleGraphView.swift in Sources */,
			);
			runOnlyForDeploymentPostprocessing = 0;
		};
/* End PBXSourcesBuildPhase section */

/* Begin PBXTargetDependency section */
		35DFAF1D2BDA48C800307152 /* PBXTargetDependency */ = {
			isa = PBXTargetDependency;
			target = 35DFAF0D2BDA48C600307152 /* HealthGoalWidgetExtension */;
			targetProxy = 35DFAF1C2BDA48C800307152 /* PBXContainerItemProxy */;
		};
/* End PBXTargetDependency section */

/* Begin XCBuildConfiguration section */
		350EF5C92BCDC0A80036E1A8 /* Debug */ = {
			isa = XCBuildConfiguration;
			buildSettings = {
				ALWAYS_SEARCH_USER_PATHS = NO;
				ASSETCATALOG_COMPILER_GENERATE_SWIFT_ASSET_SYMBOL_EXTENSIONS = YES;
				CLANG_ANALYZER_NONNULL = YES;
				CLANG_ANALYZER_NUMBER_OBJECT_CONVERSION = YES_AGGRESSIVE;
				CLANG_CXX_LANGUAGE_STANDARD = "gnu++20";
				CLANG_ENABLE_MODULES = YES;
				CLANG_ENABLE_OBJC_ARC = YES;
				CLANG_ENABLE_OBJC_WEAK = YES;
				CLANG_WARN_BLOCK_CAPTURE_AUTORELEASING = YES;
				CLANG_WARN_BOOL_CONVERSION = YES;
				CLANG_WARN_COMMA = YES;
				CLANG_WARN_CONSTANT_CONVERSION = YES;
				CLANG_WARN_DEPRECATED_OBJC_IMPLEMENTATIONS = YES;
				CLANG_WARN_DIRECT_OBJC_ISA_USAGE = YES_ERROR;
				CLANG_WARN_DOCUMENTATION_COMMENTS = YES;
				CLANG_WARN_EMPTY_BODY = YES;
				CLANG_WARN_ENUM_CONVERSION = YES;
				CLANG_WARN_INFINITE_RECURSION = YES;
				CLANG_WARN_INT_CONVERSION = YES;
				CLANG_WARN_NON_LITERAL_NULL_CONVERSION = YES;
				CLANG_WARN_OBJC_IMPLICIT_RETAIN_SELF = YES;
				CLANG_WARN_OBJC_LITERAL_CONVERSION = YES;
				CLANG_WARN_OBJC_ROOT_CLASS = YES_ERROR;
				CLANG_WARN_QUOTED_INCLUDE_IN_FRAMEWORK_HEADER = YES;
				CLANG_WARN_RANGE_LOOP_ANALYSIS = YES;
				CLANG_WARN_STRICT_PROTOTYPES = YES;
				CLANG_WARN_SUSPICIOUS_MOVE = YES;
				CLANG_WARN_UNGUARDED_AVAILABILITY = YES_AGGRESSIVE;
				CLANG_WARN_UNREACHABLE_CODE = YES;
				CLANG_WARN__DUPLICATE_METHOD_MATCH = YES;
				COPY_PHASE_STRIP = NO;
				DEAD_CODE_STRIPPING = YES;
				DEBUG_INFORMATION_FORMAT = dwarf;
				ENABLE_STRICT_OBJC_MSGSEND = YES;
				ENABLE_TESTABILITY = YES;
				ENABLE_USER_SCRIPT_SANDBOXING = YES;
				GCC_C_LANGUAGE_STANDARD = gnu17;
				GCC_DYNAMIC_NO_PIC = NO;
				GCC_NO_COMMON_BLOCKS = YES;
				GCC_OPTIMIZATION_LEVEL = 0;
				GCC_PREPROCESSOR_DEFINITIONS = (
					"DEBUG=1",
					"$(inherited)",
				);
				GCC_WARN_64_TO_32_BIT_CONVERSION = YES;
				GCC_WARN_ABOUT_RETURN_TYPE = YES_ERROR;
				GCC_WARN_UNDECLARED_SELECTOR = YES;
				GCC_WARN_UNINITIALIZED_AUTOS = YES_AGGRESSIVE;
				GCC_WARN_UNUSED_FUNCTION = YES;
				GCC_WARN_UNUSED_VARIABLE = YES;
				IPHONEOS_DEPLOYMENT_TARGET = 16.0;
				LOCALIZATION_PREFERS_STRING_CATALOGS = YES;
				MTL_ENABLE_DEBUG_INFO = INCLUDE_SOURCE;
				MTL_FAST_MATH = YES;
				ONLY_ACTIVE_ARCH = YES;
				SWIFT_ACTIVE_COMPILATION_CONDITIONS = "DEBUG $(inherited)";
				SWIFT_OPTIMIZATION_LEVEL = "-Onone";
			};
			name = Debug;
		};
		350EF5CA2BCDC0A80036E1A8 /* Release */ = {
			isa = XCBuildConfiguration;
			buildSettings = {
				ALWAYS_SEARCH_USER_PATHS = NO;
				ASSETCATALOG_COMPILER_GENERATE_SWIFT_ASSET_SYMBOL_EXTENSIONS = YES;
				CLANG_ANALYZER_NONNULL = YES;
				CLANG_ANALYZER_NUMBER_OBJECT_CONVERSION = YES_AGGRESSIVE;
				CLANG_CXX_LANGUAGE_STANDARD = "gnu++20";
				CLANG_ENABLE_MODULES = YES;
				CLANG_ENABLE_OBJC_ARC = YES;
				CLANG_ENABLE_OBJC_WEAK = YES;
				CLANG_WARN_BLOCK_CAPTURE_AUTORELEASING = YES;
				CLANG_WARN_BOOL_CONVERSION = YES;
				CLANG_WARN_COMMA = YES;
				CLANG_WARN_CONSTANT_CONVERSION = YES;
				CLANG_WARN_DEPRECATED_OBJC_IMPLEMENTATIONS = YES;
				CLANG_WARN_DIRECT_OBJC_ISA_USAGE = YES_ERROR;
				CLANG_WARN_DOCUMENTATION_COMMENTS = YES;
				CLANG_WARN_EMPTY_BODY = YES;
				CLANG_WARN_ENUM_CONVERSION = YES;
				CLANG_WARN_INFINITE_RECURSION = YES;
				CLANG_WARN_INT_CONVERSION = YES;
				CLANG_WARN_NON_LITERAL_NULL_CONVERSION = YES;
				CLANG_WARN_OBJC_IMPLICIT_RETAIN_SELF = YES;
				CLANG_WARN_OBJC_LITERAL_CONVERSION = YES;
				CLANG_WARN_OBJC_ROOT_CLASS = YES_ERROR;
				CLANG_WARN_QUOTED_INCLUDE_IN_FRAMEWORK_HEADER = YES;
				CLANG_WARN_RANGE_LOOP_ANALYSIS = YES;
				CLANG_WARN_STRICT_PROTOTYPES = YES;
				CLANG_WARN_SUSPICIOUS_MOVE = YES;
				CLANG_WARN_UNGUARDED_AVAILABILITY = YES_AGGRESSIVE;
				CLANG_WARN_UNREACHABLE_CODE = YES;
				CLANG_WARN__DUPLICATE_METHOD_MATCH = YES;
				COPY_PHASE_STRIP = NO;
				DEAD_CODE_STRIPPING = YES;
				DEBUG_INFORMATION_FORMAT = "dwarf-with-dsym";
				ENABLE_NS_ASSERTIONS = NO;
				ENABLE_STRICT_OBJC_MSGSEND = YES;
				ENABLE_USER_SCRIPT_SANDBOXING = YES;
				GCC_C_LANGUAGE_STANDARD = gnu17;
				GCC_NO_COMMON_BLOCKS = YES;
				GCC_WARN_64_TO_32_BIT_CONVERSION = YES;
				GCC_WARN_ABOUT_RETURN_TYPE = YES_ERROR;
				GCC_WARN_UNDECLARED_SELECTOR = YES;
				GCC_WARN_UNINITIALIZED_AUTOS = YES_AGGRESSIVE;
				GCC_WARN_UNUSED_FUNCTION = YES;
				GCC_WARN_UNUSED_VARIABLE = YES;
				IPHONEOS_DEPLOYMENT_TARGET = 16.0;
				LOCALIZATION_PREFERS_STRING_CATALOGS = YES;
				MTL_ENABLE_DEBUG_INFO = NO;
				MTL_FAST_MATH = YES;
				SWIFT_COMPILATION_MODE = wholemodule;
			};
			name = Release;
		};
		350EF5CC2BCDC0A80036E1A8 /* Debug */ = {
			isa = XCBuildConfiguration;
			buildSettings = {
				ALWAYS_EMBED_SWIFT_STANDARD_LIBRARIES = YES;
				ASSETCATALOG_COMPILER_APPICON_NAME = AppIcon;
				ASSETCATALOG_COMPILER_GLOBAL_ACCENT_COLOR_NAME = AccentColor;
				CODE_SIGN_ENTITLEMENTS = HealthPulse/HealthPulse.entitlements;
				CODE_SIGN_STYLE = Automatic;
				CURRENT_PROJECT_VERSION = 1;
				DEAD_CODE_STRIPPING = YES;
				DEVELOPMENT_ASSET_PATHS = "\"HealthPulse/Preview Content\"";
				DEVELOPMENT_TEAM = 8KT99V2DNB;
				ENABLE_HARDENED_RUNTIME = YES;
				ENABLE_PREVIEWS = YES;
				GENERATE_INFOPLIST_FILE = YES;
				INFOPLIST_FILE = HealthPulse/Info.plist;
				INFOPLIST_KEY_NSHealthClinicalHealthRecordsShareUsageDescription = "Please allow access to your Apple Health Data in order to optimze your experience.";
				INFOPLIST_KEY_NSHealthShareUsageDescription = "Please allow access to your Apple Health Data in order to optimze your experience.";
				"INFOPLIST_KEY_UIApplicationSceneManifest_Generation[sdk=iphoneos*]" = YES;
				"INFOPLIST_KEY_UIApplicationSceneManifest_Generation[sdk=iphonesimulator*]" = YES;
				"INFOPLIST_KEY_UIApplicationSupportsIndirectInputEvents[sdk=iphoneos*]" = YES;
				"INFOPLIST_KEY_UIApplicationSupportsIndirectInputEvents[sdk=iphonesimulator*]" = YES;
				"INFOPLIST_KEY_UILaunchScreen_Generation[sdk=iphoneos*]" = YES;
				"INFOPLIST_KEY_UILaunchScreen_Generation[sdk=iphonesimulator*]" = YES;
				INFOPLIST_KEY_UILaunchStoryboardName = LaunchScreen.storyboard;
				"INFOPLIST_KEY_UIStatusBarStyle[sdk=iphoneos*]" = UIStatusBarStyleDefault;
				"INFOPLIST_KEY_UIStatusBarStyle[sdk=iphonesimulator*]" = UIStatusBarStyleDefault;
				INFOPLIST_KEY_UISupportedInterfaceOrientations = UIInterfaceOrientationPortrait;
				INFOPLIST_KEY_UISupportedInterfaceOrientations_iPad = "UIInterfaceOrientationLandscapeLeft UIInterfaceOrientationLandscapeRight UIInterfaceOrientationPortrait UIInterfaceOrientationPortraitUpsideDown";
				IPHONEOS_DEPLOYMENT_TARGET = 16.0;
				LD_RUNPATH_SEARCH_PATHS = "@executable_path/Frameworks";
				"LD_RUNPATH_SEARCH_PATHS[sdk=macosx*]" = "@executable_path/../Frameworks";
				MACOSX_DEPLOYMENT_TARGET = 14.4;
				MARKETING_VERSION = 1.1;
				PRODUCT_BUNDLE_IDENTIFIER = com.lmg.HealthPulse;
				PRODUCT_NAME = "$(TARGET_NAME)";
				SDKROOT = auto;
				SUPPORTED_PLATFORMS = "iphoneos iphonesimulator";
				SUPPORTS_MACCATALYST = NO;
				SWIFT_EMIT_LOC_STRINGS = YES;
				SWIFT_VERSION = 5.0;
				TARGETED_DEVICE_FAMILY = 1;
			};
			name = Debug;
		};
		350EF5CD2BCDC0A80036E1A8 /* Release */ = {
			isa = XCBuildConfiguration;
			buildSettings = {
				ALWAYS_EMBED_SWIFT_STANDARD_LIBRARIES = YES;
				ASSETCATALOG_COMPILER_APPICON_NAME = AppIcon;
				ASSETCATALOG_COMPILER_GLOBAL_ACCENT_COLOR_NAME = AccentColor;
				CODE_SIGN_ENTITLEMENTS = HealthPulse/HealthPulse.entitlements;
				CODE_SIGN_STYLE = Automatic;
				CURRENT_PROJECT_VERSION = 1;
				DEAD_CODE_STRIPPING = YES;
				DEVELOPMENT_ASSET_PATHS = "\"HealthPulse/Preview Content\"";
				DEVELOPMENT_TEAM = 8KT99V2DNB;
				ENABLE_HARDENED_RUNTIME = YES;
				ENABLE_PREVIEWS = YES;
				GENERATE_INFOPLIST_FILE = YES;
				INFOPLIST_FILE = HealthPulse/Info.plist;
				INFOPLIST_KEY_NSHealthClinicalHealthRecordsShareUsageDescription = "Please allow access to your Apple Health Data in order to optimze your experience.";
				INFOPLIST_KEY_NSHealthShareUsageDescription = "Please allow access to your Apple Health Data in order to optimze your experience.";
				"INFOPLIST_KEY_UIApplicationSceneManifest_Generation[sdk=iphoneos*]" = YES;
				"INFOPLIST_KEY_UIApplicationSceneManifest_Generation[sdk=iphonesimulator*]" = YES;
				"INFOPLIST_KEY_UIApplicationSupportsIndirectInputEvents[sdk=iphoneos*]" = YES;
				"INFOPLIST_KEY_UIApplicationSupportsIndirectInputEvents[sdk=iphonesimulator*]" = YES;
				"INFOPLIST_KEY_UILaunchScreen_Generation[sdk=iphoneos*]" = YES;
				"INFOPLIST_KEY_UILaunchScreen_Generation[sdk=iphonesimulator*]" = YES;
				INFOPLIST_KEY_UILaunchStoryboardName = LaunchScreen.storyboard;
				"INFOPLIST_KEY_UIStatusBarStyle[sdk=iphoneos*]" = UIStatusBarStyleDefault;
				"INFOPLIST_KEY_UIStatusBarStyle[sdk=iphonesimulator*]" = UIStatusBarStyleDefault;
				INFOPLIST_KEY_UISupportedInterfaceOrientations = UIInterfaceOrientationPortrait;
				INFOPLIST_KEY_UISupportedInterfaceOrientations_iPad = "UIInterfaceOrientationLandscapeLeft UIInterfaceOrientationLandscapeRight UIInterfaceOrientationPortrait UIInterfaceOrientationPortraitUpsideDown";
				IPHONEOS_DEPLOYMENT_TARGET = 16.0;
				LD_RUNPATH_SEARCH_PATHS = "@executable_path/Frameworks";
				"LD_RUNPATH_SEARCH_PATHS[sdk=macosx*]" = "@executable_path/../Frameworks";
				MACOSX_DEPLOYMENT_TARGET = 14.4;
				MARKETING_VERSION = 1.1;
				PRODUCT_BUNDLE_IDENTIFIER = com.lmg.HealthPulse;
				PRODUCT_NAME = "$(TARGET_NAME)";
				SDKROOT = auto;
				SUPPORTED_PLATFORMS = "iphoneos iphonesimulator";
				SUPPORTS_MACCATALYST = NO;
				SWIFT_EMIT_LOC_STRINGS = YES;
				SWIFT_VERSION = 5.0;
				TARGETED_DEVICE_FAMILY = 1;
			};
			name = Release;
		};
		35DFAF202BDA48C800307152 /* Debug */ = {
			isa = XCBuildConfiguration;
			buildSettings = {
				ASSETCATALOG_COMPILER_GLOBAL_ACCENT_COLOR_NAME = AccentColor;
				ASSETCATALOG_COMPILER_WIDGET_BACKGROUND_COLOR_NAME = WidgetBackground;
				CODE_SIGN_ENTITLEMENTS = HealthGoalWidgetExtension.entitlements;
				CODE_SIGN_STYLE = Automatic;
				CURRENT_PROJECT_VERSION = 1;
				DEVELOPMENT_TEAM = 8KT99V2DNB;
				GENERATE_INFOPLIST_FILE = YES;
				INFOPLIST_FILE = HealthGoalWidget/Info.plist;
				INFOPLIST_KEY_CFBundleDisplayName = HealthGoalWidget;
				INFOPLIST_KEY_NSHumanReadableCopyright = "";
				IPHONEOS_DEPLOYMENT_TARGET = 16.0;
				LD_RUNPATH_SEARCH_PATHS = (
					"$(inherited)",
					"@executable_path/Frameworks",
					"@executable_path/../../Frameworks",
				);
				MARKETING_VERSION = 1.0;
				PRODUCT_BUNDLE_IDENTIFIER = com.lmg.HealthPulse.HealthGoalWidget;
				PRODUCT_NAME = "$(TARGET_NAME)";
				SDKROOT = iphoneos;
				SKIP_INSTALL = YES;
				SUPPORTED_PLATFORMS = "iphoneos iphonesimulator";
				SUPPORTS_MACCATALYST = NO;
				SUPPORTS_MAC_DESIGNED_FOR_IPHONE_IPAD = NO;
				SUPPORTS_XR_DESIGNED_FOR_IPHONE_IPAD = NO;
				SWIFT_EMIT_LOC_STRINGS = YES;
				SWIFT_VERSION = 5.0;
				TARGETED_DEVICE_FAMILY = 1;
			};
			name = Debug;
		};
		35DFAF212BDA48C800307152 /* Release */ = {
			isa = XCBuildConfiguration;
			buildSettings = {
				ASSETCATALOG_COMPILER_GLOBAL_ACCENT_COLOR_NAME = AccentColor;
				ASSETCATALOG_COMPILER_WIDGET_BACKGROUND_COLOR_NAME = WidgetBackground;
				CODE_SIGN_ENTITLEMENTS = HealthGoalWidgetExtension.entitlements;
				CODE_SIGN_STYLE = Automatic;
				CURRENT_PROJECT_VERSION = 1;
				DEVELOPMENT_TEAM = 8KT99V2DNB;
				GENERATE_INFOPLIST_FILE = YES;
				INFOPLIST_FILE = HealthGoalWidget/Info.plist;
				INFOPLIST_KEY_CFBundleDisplayName = HealthGoalWidget;
				INFOPLIST_KEY_NSHumanReadableCopyright = "";
				IPHONEOS_DEPLOYMENT_TARGET = 16.0;
				LD_RUNPATH_SEARCH_PATHS = (
					"$(inherited)",
					"@executable_path/Frameworks",
					"@executable_path/../../Frameworks",
				);
				MARKETING_VERSION = 1.0;
				PRODUCT_BUNDLE_IDENTIFIER = com.lmg.HealthPulse.HealthGoalWidget;
				PRODUCT_NAME = "$(TARGET_NAME)";
				SDKROOT = iphoneos;
				SKIP_INSTALL = YES;
				SUPPORTED_PLATFORMS = "iphoneos iphonesimulator";
				SUPPORTS_MACCATALYST = NO;
				SUPPORTS_MAC_DESIGNED_FOR_IPHONE_IPAD = NO;
				SUPPORTS_XR_DESIGNED_FOR_IPHONE_IPAD = NO;
				SWIFT_EMIT_LOC_STRINGS = YES;
				SWIFT_VERSION = 5.0;
				TARGETED_DEVICE_FAMILY = 1;
				VALIDATE_PRODUCT = YES;
			};
			name = Release;
		};
/* End XCBuildConfiguration section */

/* Begin XCConfigurationList section */
		350EF5B72BCDC0A60036E1A8 /* Build configuration list for PBXProject "HealthPulse" */ = {
			isa = XCConfigurationList;
			buildConfigurations = (
				350EF5C92BCDC0A80036E1A8 /* Debug */,
				350EF5CA2BCDC0A80036E1A8 /* Release */,
			);
			defaultConfigurationIsVisible = 0;
			defaultConfigurationName = Release;
		};
		350EF5CB2BCDC0A80036E1A8 /* Build configuration list for PBXNativeTarget "HealthPulse" */ = {
			isa = XCConfigurationList;
			buildConfigurations = (
				350EF5CC2BCDC0A80036E1A8 /* Debug */,
				350EF5CD2BCDC0A80036E1A8 /* Release */,
			);
			defaultConfigurationIsVisible = 0;
			defaultConfigurationName = Release;
		};
		35DFAF222BDA48C800307152 /* Build configuration list for PBXNativeTarget "HealthGoalWidgetExtension" */ = {
			isa = XCConfigurationList;
			buildConfigurations = (
				35DFAF202BDA48C800307152 /* Debug */,
				35DFAF212BDA48C800307152 /* Release */,
			);
			defaultConfigurationIsVisible = 0;
			defaultConfigurationName = Release;
		};
/* End XCConfigurationList section */
	};
	rootObject = 350EF5B42BCDC0A60036E1A8 /* Project object */;
}
